
Microsoft Visual Studio Solution File, Format Version 12.00
# Visual Studio 15
VisualStudioVersion = 15.0.28307.1500
MinimumVisualStudioVersion = 10.0.40219.1
Project("{8BC9CEB8-8B4A-11D0-8D11-00A0C91BC942}") = "dxlib1", "dxlib1\dxlib1.vcxproj", "{3B561295-9131-44A4-BE12-872681F1FB4E}"
EndProject
Project("{8BC9CEB8-8B4A-11D0-8D11-00A0C91BC942}") = "dxlib2", "dxlib2\dxlib2.vcxproj", "{6B541144-26D5-43AC-82F0-87FAEBB6EC84}"
EndProject
Project("{8BC9CEB8-8B4A-11D0-8D11-00A0C91BC942}") = "dxlib3", "dxlib3\dxlib3.vcxproj", "{F892B27B-3D9C-45CE-AF1D-2866AEF5DA5B}"
EndProject
Global
	GlobalSection(SolutionConfigurationPlatforms) = preSolution
		Debug|x64 = Debug|x64
		Debug|x86 = Debug|x86
		Release|x64 = Release|x64
		Release|x86 = Release|x86
	EndGlobalSection
	GlobalSection(ProjectConfigurationPlatforms) = postSolution
		{3B561295-9131-44A4-BE12-872681F1FB4E}.Debug|x64.ActiveCfg = Debug|x64
		{3B561295-9131-44A4-BE12-872681F1FB4E}.Debug|x64.Build.0 = Debug|x64
		{3B561295-9131-44A4-BE12-872681F1FB4E}.Debug|x86.ActiveCfg = Debug|Win32
		{3B561295-9131-44A4-BE12-872681F1FB4E}.Debug|x86.Build.0 = Debug|Win32
		{3B561295-9131-44A4-BE12-872681F1FB4E}.Release|x64.ActiveCfg = Release|x64
		{3B561295-9131-44A4-BE12-872681F1FB4E}.Release|x64.Build.0 = Release|x64
		{3B561295-9131-44A4-BE12-872681F1FB4E}.Release|x86.ActiveCfg = Release|Win32
		{3B561295-9131-44A4-BE12-872681F1FB4E}.Release|x86.Build.0 = Release|Win32
		{6B541144-26D5-43AC-82F0-87FAEBB6EC84}.Debug|x64.ActiveCfg = Debug|x64
		{6B541144-26D5-43AC-82F0-87FAEBB6EC84}.Debug|x64.Build.0 = Debug|x64
		{6B541144-26D5-43AC-82F0-87FAEBB6EC84}.Debug|x86.ActiveCfg = Debug|Win32
		{6B541144-26D5-43AC-82F0-87FAEBB6EC84}.Debug|x86.Build.0 = Debug|Win32
		{6B541144-26D5-43AC-82F0-87FAEBB6EC84}.Release|x64.ActiveCfg = Release|x64
		{6B541144-26D5-43AC-82F0-87FAEBB6EC84}.Release|x64.Build.0 = Release|x64
		{6B541144-26D5-43AC-82F0-87FAEBB6EC84}.Release|x86.ActiveCfg = Release|Win32
		{6B541144-26D5-43AC-82F0-87FAEBB6EC84}.Release|x86.Build.0 = Release|Win32
		{F892B27B-3D9C-45CE-AF1D-2866AEF5DA5B}.Debug|x64.ActiveCfg = Debug|x64
		{F892B27B-3D9C-45CE-AF1D-2866AEF5DA5B}.Debug|x64.Build.0 = Debug|x64
		{F892B27B-3D9C-45CE-AF1D-2866AEF5DA5B}.Debug|x86.ActiveCfg = Debug|Win32
		{F892B27B-3D9C-45CE-AF1D-2866AEF5DA5B}.Debug|x86.Build.0 = Debug|Win32
		{F892B27B-3D9C-45CE-AF1D-2866AEF5DA5B}.Release|x64.ActiveCfg = Release|x64
		{F892B27B-3D9C-45CE-AF1D-2866AEF5DA5B}.Release|x64.Build.0 = Release|x64
		{F892B27B-3D9C-45CE-AF1D-2866AEF5DA5B}.Release|x86.ActiveCfg = Release|Win32
		{F892B27B-3D9C-45CE-AF1D-2866AEF5DA5B}.Release|x86.Build.0 = Release|Win32
	EndGlobalSection
	GlobalSection(SolutionProperties) = preSolution
		HideSolutionNode = FALSE
	EndGlobalSection
	GlobalSection(ExtensibilityGlobals) = postSolution
		SolutionGuid = {8D0D8117-202E-4EDD-91B6-4FB8B9B1D9FA}
	EndGlobalSection
EndGlobal
